
Microsoft Visual Studio Solution File, Format Version 12.00
# Visual Studio Version 17
VisualStudioVersion = 17.12.35527.113
MinimumVisualStudioVersion = 10.0.40219.1
Project("{FAE04EC0-301F-11D3-BF4B-00C04F79EFBC}") = "TEG.Test.Web", "TEG.Test.Web\TEG.Test.Web.csproj", "{6118EFE5-00EA-4345-8B76-399FF890D846}"
EndProject
Project("{FAE04EC0-301F-11D3-BF4B-00C04F79EFBC}") = "TEG.Test.Domain", "TEG.Test.Domain\TEG.Test.Domain.csproj", "{E0274E00-999A-43FE-AA4F-9CED83436405}"
EndProject
Project("{FAE04EC0-301F-11D3-BF4B-00C04F79EFBC}") = "TEG.Test.Application", "TEG.Test.Application\TEG.Test.Application.csproj", "{AF4621CB-3AC5-453F-951F-10F07E68C31F}"
EndProject
Project("{FAE04EC0-301F-11D3-BF4B-00C04F79EFBC}") = "TEG.Test.API", "TEG.Test.API\TEG.Test.API.csproj", "{CD4B6440-BAE7-4A26-A7AB-727ED9B2CEB7}"
EndProject
Project("{FAE04EC0-301F-11D3-BF4B-00C04F79EFBC}") = "TEG.Test.Infrastracture", "TEG.Test.Infrastracture\TEG.Test.Infrastracture.csproj", "{46DD9FB2-4C43-4C69-9AC7-5207D1F4908F}"
EndProject
Project("{FAE04EC0-301F-11D3-BF4B-00C04F79EFBC}") = "TEG.Test.UnitTest", "TEG.Test.UnitTest\TEG.Test.UnitTest.csproj", "{C7E150E4-CEC9-4928-8335-B6078DF77BB7}"
EndProject
Global
	GlobalSection(SolutionConfigurationPlatforms) = preSolution
		Debug|Any CPU = Debug|Any CPU
		Release|Any CPU = Release|Any CPU
	EndGlobalSection
	GlobalSection(ProjectConfigurationPlatforms) = postSolution
		{6118EFE5-00EA-4345-8B76-399FF890D846}.Debug|Any CPU.ActiveCfg = Debug|Any CPU
		{6118EFE5-00EA-4345-8B76-399FF890D846}.Debug|Any CPU.Build.0 = Debug|Any CPU
		{6118EFE5-00EA-4345-8B76-399FF890D846}.Release|Any CPU.ActiveCfg = Release|Any CPU
		{6118EFE5-00EA-4345-8B76-399FF890D846}.Release|Any CPU.Build.0 = Release|Any CPU
		{E0274E00-999A-43FE-AA4F-9CED83436405}.Debug|Any CPU.ActiveCfg = Debug|Any CPU
		{E0274E00-999A-43FE-AA4F-9CED83436405}.Debug|Any CPU.Build.0 = Debug|Any CPU
		{E0274E00-999A-43FE-AA4F-9CED83436405}.Release|Any CPU.ActiveCfg = Release|Any CPU
		{E0274E00-999A-43FE-AA4F-9CED83436405}.Release|Any CPU.Build.0 = Release|Any CPU
		{AF4621CB-3AC5-453F-951F-10F07E68C31F}.Debug|Any CPU.ActiveCfg = Debug|Any CPU
		{AF4621CB-3AC5-453F-951F-10F07E68C31F}.Debug|Any CPU.Build.0 = Debug|Any CPU
		{AF4621CB-3AC5-453F-951F-10F07E68C31F}.Release|Any CPU.ActiveCfg = Release|Any CPU
		{AF4621CB-3AC5-453F-951F-10F07E68C31F}.Release|Any CPU.Build.0 = Release|Any CPU
		{CD4B6440-BAE7-4A26-A7AB-727ED9B2CEB7}.Debug|Any CPU.ActiveCfg = Debug|Any CPU
		{CD4B6440-BAE7-4A26-A7AB-727ED9B2CEB7}.Debug|Any CPU.Build.0 = Debug|Any CPU
		{CD4B6440-BAE7-4A26-A7AB-727ED9B2CEB7}.Release|Any CPU.ActiveCfg = Release|Any CPU
		{CD4B6440-BAE7-4A26-A7AB-727ED9B2CEB7}.Release|Any CPU.Build.0 = Release|Any CPU
		{46DD9FB2-4C43-4C69-9AC7-5207D1F4908F}.Debug|Any CPU.ActiveCfg = Debug|Any CPU
		{46DD9FB2-4C43-4C69-9AC7-5207D1F4908F}.Debug|Any CPU.Build.0 = Debug|Any CPU
		{46DD9FB2-4C43-4C69-9AC7-5207D1F4908F}.Release|Any CPU.ActiveCfg = Release|Any CPU
		{46DD9FB2-4C43-4C69-9AC7-5207D1F4908F}.Release|Any CPU.Build.0 = Release|Any CPU
		{C7E150E4-CEC9-4928-8335-B6078DF77BB7}.Debug|Any CPU.ActiveCfg = Debug|Any CPU
		{C7E150E4-CEC9-4928-8335-B6078DF77BB7}.Debug|Any CPU.Build.0 = Debug|Any CPU
		{C7E150E4-CEC9-4928-8335-B6078DF77BB7}.Release|Any CPU.ActiveCfg = Release|Any CPU
		{C7E150E4-CEC9-4928-8335-B6078DF77BB7}.Release|Any CPU.Build.0 = Release|Any CPU
	EndGlobalSection
	GlobalSection(SolutionProperties) = preSolution
		HideSolutionNode = FALSE
	EndGlobalSection
EndGlobal
